{
  "nodes": {
    "ck3d-configs": {
      "inputs": {
        "nix2nvimrc": "nix2nvimrc",
        "nixpkgs": "nixpkgs"
      },
      "locked": {
        "lastModified": 1731773346,
        "narHash": "sha256-8+qj/Bad+vafk5Wr67ijIHA5Z5jArDF+hPBf9tqGOhE=",
        "owner": "ck3d",
        "repo": "ck3d-nvim-configs",
        "rev": "1a112a77cb59a72f247ffa39e140c871ebe32fec",
        "type": "github"
      },
      "original": {
        "owner": "ck3d",
        "repo": "ck3d-nvim-configs",
        "type": "github"
      }
    },
    "nix2nvimrc": {
      "locked": {
        "lastModified": 1724862846,
        "narHash": "sha256-Xw2jytZydsHNcfQQ/Y/RyClVIcRGO65rnhhIW1PV6gI=",
        "owner": "ck3d",
        "repo": "nix2nvimrc",
        "rev": "378d5ab46fb719c3941a1e24db38820b47beff18",
        "type": "github"
      },
      "original": {
        "owner": "ck3d",
        "repo": "nix2nvimrc",
        "type": "github"
      }
    },
    "nixpkgs": {
      "locked": {
        "lastModified": 1731319897,
        "narHash": "sha256-PbABj4tnbWFMfBp6OcUK5iGy1QY+/Z96ZcLpooIbuEI=",
        "owner": "NixOS",
        "repo": "nixpkgs",
        "rev": "dc460ec76cbff0e66e269457d7b728432263166c",
        "type": "github"
      },
      "original": {
        "owner": "NixOS",
        "ref": "nixos-unstable",
        "repo": "nixpkgs",
        "type": "github"
      }
    },
    "root": {
      "inputs": {
        "ck3d-configs": "ck3d-configs"
      }
    }
  },
  "root": "root",
  "version": 7
}
